
Microsoft Visual Studio Solution File, Format Version 12.00
# Visual Studio Version 17
VisualStudioVersion = 17.9.34622.214
MinimumVisualStudioVersion = 10.0.40219.1
Project("{FAE04EC0-301F-11D3-BF4B-00C04F79EFBC}") = "Arrays", "Arrays\Arrays.csproj", "{864FCA52-A8D0-46BF-B4FF-F91147F2690D}"
EndProject
Global
	GlobalSection(SolutionConfigurationPlatforms) = preSolution
		Debug|Any CPU = Debug|Any CPU
		Release|Any CPU = Release|Any CPU
	EndGlobalSection
	GlobalSection(ProjectConfigurationPlatforms) = postSolution
		{864FCA52-A8D0-46BF-B4FF-F91147F2690D}.Debug|Any CPU.ActiveCfg = Debug|Any CPU
		{864FCA52-A8D0-46BF-B4FF-F91147F2690D}.Debug|Any CPU.Build.0 = Debug|Any CPU
		{864FCA52-A8D0-46BF-B4FF-F91147F2690D}.Release|Any CPU.ActiveCfg = Release|Any CPU
		{864FCA52-A8D0-46BF-B4FF-F91147F2690D}.Release|Any CPU.Build.0 = Release|Any CPU
	EndGlobalSection
	GlobalSection(SolutionProperties) = preSolution
		HideSolutionNode = FALSE
	EndGlobalSection
	GlobalSection(ExtensibilityGlobals) = postSolution
		SolutionGuid = {175972DB-4AE8-44FB-A1AF-A15A6EFF71F7}
	EndGlobalSection
EndGlobal
